// !$*UTF8*$!
{
	archiveVersion = 1;
	classes = {
	};
	objectVersion = 46;
	objects = {

/* Begin PBXBuildFile section */
		8E0FED261F0FC89F00CBAE99 /* AppDelegate.swift in Sources */ = {isa = PBXBuildFile; fileRef = 8E0FED251F0FC89F00CBAE99 /* AppDelegate.swift */; };
		8E0FED281F0FC89F00CBAE99 /* ViewController.swift in Sources */ = {isa = PBXBuildFile; fileRef = 8E0FED271F0FC89F00CBAE99 /* ViewController.swift */; };
		8E0FED2B1F0FC89F00CBAE99 /* Main.storyboard in Resources */ = {isa = PBXBuildFile; fileRef = 8E0FED291F0FC89F00CBAE99 /* Main.storyboard */; };
		8E0FED2D1F0FC89F00CBAE99 /* Assets.xcassets in Resources */ = {isa = PBXBuildFile; fileRef = 8E0FED2C1F0FC89F00CBAE99 /* Assets.xcassets */; };
		8E0FED301F0FC89F00CBAE99 /* LaunchScreen.storyboard in Resources */ = {isa = PBXBuildFile; fileRef = 8E0FED2E1F0FC89F00CBAE99 /* LaunchScreen.storyboard */; };
		8E0FED3B1F0FC89F00CBAE99 /* RandomFactsTests.swift in Sources */ = {isa = PBXBuildFile; fileRef = 8E0FED3A1F0FC89F00CBAE99 /* RandomFactsTests.swift */; };
/* End PBXBuildFile section */

/* Begin PBXContainerItemProxy section */
		8E0FED371F0FC89F00CBAE99 /* PBXContainerItemProxy */ = {
			isa = PBXContainerItemProxy;
			containerPortal = 8E0FED1A1F0FC89F00CBAE99 /* Project object */;
			proxyType = 1;
			remoteGlobalIDString = 8E0FED211F0FC89F00CBAE99;
			remoteInfo = RandomFacts;
		};
/* End PBXContainerItemProxy section */

/* Begin PBXFileReference section */
		8E0FED221F0FC89F00CBAE99 /* RandomFacts.app */ = {isa = PBXFileReference; explicitFileType = wrapper.application; includeInIndex = 0; path = RandomFacts.app; sourceTree = BUILT_PRODUCTS_DIR; };
		8E0FED251F0FC89F00CBAE99 /* AppDelegate.swift */ = {isa = PBXFileReference; lastKnownFileType = sourcecode.swift; path = AppDelegate.swift; sourceTree = "<group>"; };
		8E0FED271F0FC89F00CBAE99 /* ViewController.swift */ = {isa = PBXFileReference; lastKnownFileType = sourcecode.swift; path = ViewController.swift; sourceTree = "<group>"; };
		8E0FED2A1F0FC89F00CBAE99 /* Base */ = {isa = PBXFileReference; lastKnownFileType = file.storyboard; name = Base; path = Base.lproj/Main.storyboard; sourceTree = "<group>"; };
		8E0FED2C1F0FC89F00CBAE99 /* Assets.xcassets */ = {isa = PBXFileReference; lastKnownFileType = folder.assetcatalog; path = Assets.xcassets; sourceTree = "<group>"; };
		8E0FED2F1F0FC89F00CBAE99 /* Base */ = {isa = PBXFileReference; lastKnownFileType = file.storyboard; name = Base; path = Base.lproj/LaunchScreen.storyboard; sourceTree = "<group>"; };
		8E0FED311F0FC89F00CBAE99 /* Info.plist */ = {isa = PBXFileReference; lastKnownFileType = text.plist.xml; path = Info.plist; sourceTree = "<group>"; };
		8E0FED361F0FC89F00CBAE99 /* RandomFactsTests.xctest */ = {isa = PBXFileReference; explicitFileType = wrapper.cfbundle; includeInIndex = 0; path = RandomFactsTests.xctest; sourceTree = BUILT_PRODUCTS_DIR; };
		8E0FED3A1F0FC89F00CBAE99 /* RandomFactsTests.swift */ = {isa = PBXFileReference; lastKnownFileType = sourcecode.swift; path = RandomFactsTests.swift; sourceTree = "<group>"; };
		8E0FED3C1F0FC89F00CBAE99 /* Info.plist */ = {isa = PBXFileReference; lastKnownFileType = text.plist.xml; path = Info.plist; sourceTree = "<group>"; };
/* End PBXFileReference section */

/* Begin PBXFrameworksBuildPhase section */
		8E0FED1F1F0FC89F00CBAE99 /* Frameworks */ = {
			isa = PBXFrameworksBuildPhase;
			buildActionMask = 2147483647;
			files = (
			);
			runOnlyForDeploymentPostprocessing = 0;
		};
		8E0FED331F0FC89F00CBAE99 /* Frameworks */ = {
			isa = PBXFrameworksBuildPhase;
			buildActionMask = 2147483647;
			files = (
			);
			runOnlyForDeploymentPostprocessing = 0;
		};
/* End PBXFrameworksBuildPhase section */

/* Begin PBXGroup section */
		8E0FED191F0FC89F00CBAE99 = {
			isa = PBXGroup;
			children = (
				8E0FED241F0FC89F00CBAE99 /* RandomFacts */,
				8E0FED391F0FC89F00CBAE99 /* RandomFactsTests */,
				8E0FED231F0FC89F00CBAE99 /* Products */,
			);
			sourceTree = "<group>";
		};
		8E0FED231F0FC89F00CBAE99 /* Products */ = {
			isa = PBXGroup;
			children = (
				8E0FED221F0FC89F00CBAE99 /* RandomFacts.app */,
				8E0FED361F0FC89F00CBAE99 /* RandomFactsTests.xctest */,
			);
			name = Products;
			sourceTree = "<group>";
		};
		8E0FED241F0FC89F00CBAE99 /* RandomFacts */ = {
			isa = PBXGroup;
			children = (
				8E0FED251F0FC89F00CBAE99 /* AppDelegate.swift */,
				8E0FED271F0FC89F00CBAE99 /* ViewController.swift */,
				8E0FED291F0FC89F00CBAE99 /* Main.storyboard */,
				8E0FED2C1F0FC89F00CBAE99 /* Assets.xcassets */,
				8E0FED2E1F0FC89F00CBAE99 /* LaunchScreen.storyboard */,
				8E0FED311F0FC89F00CBAE99 /* Info.plist */,
			);
			path = RandomFacts;
			sourceTree = "<group>";
		};
		8E0FED391F0FC89F00CBAE99 /* RandomFactsTests */ = {
			isa = PBXGroup;
			children = (
				8E0FED3A1F0FC89F00CBAE99 /* RandomFactsTests.swift */,
				8E0FED3C1F0FC89F00CBAE99 /* Info.plist */,
			);
			path = RandomFactsTests;
			sourceTree = "<group>";
		};
/* End PBXGroup section */

/* Begin PBXNativeTarget section */
		8E0FED211F0FC89F00CBAE99 /* RandomFacts */ = {
			isa = PBXNativeTarget;
			buildConfigurationList = 8E0FED3F1F0FC89F00CBAE99 /* Build configuration list for PBXNativeTarget "RandomFacts" */;
			buildPhases = (
				8E0FED1E1F0FC89F00CBAE99 /* Sources */,
				8E0FED1F1F0FC89F00CBAE99 /* Frameworks */,
				8E0FED201F0FC89F00CBAE99 /* Resources */,
			);
			buildRules = (
			);
			dependencies = (
			);
			name = RandomFacts;
			productName = RandomFacts;
			productReference = 8E0FED221F0FC89F00CBAE99 /* RandomFacts.app */;
			productType = "com.apple.product-type.application";
		};
		8E0FED351F0FC89F00CBAE99 /* RandomFactsTests */ = {
			isa = PBXNativeTarget;
			buildConfigurationList = 8E0FED421F0FC89F00CBAE99 /* Build configuration list for PBXNativeTarget "RandomFactsTests" */;
			buildPhases = (
				8E0FED321F0FC89F00CBAE99 /* Sources */,
				8E0FED331F0FC89F00CBAE99 /* Frameworks */,
				8E0FED341F0FC89F00CBAE99 /* Resources */,
			);
			buildRules = (
			);
			dependencies = (
				8E0FED381F0FC89F00CBAE99 /* PBXTargetDependency */,
			);
			name = RandomFactsTests;
			productName = RandomFactsTests;
			productReference = 8E0FED361F0FC89F00CBAE99 /* RandomFactsTests.xctest */;
			productType = "com.apple.product-type.bundle.unit-test";
		};
/* End PBXNativeTarget section */

/* Begin PBXProject section */
		8E0FED1A1F0FC89F00CBAE99 /* Project object */ = {
			isa = PBXProject;
			attributes = {
				LastSwiftUpdateCheck = 0830;
				LastUpgradeCheck = 0830;
				ORGANIZATIONNAME = "Peter Dyhr";
				TargetAttributes = {
					8E0FED211F0FC89F00CBAE99 = {
						CreatedOnToolsVersion = 8.3.3;
						ProvisioningStyle = Automatic;
					};
					8E0FED351F0FC89F00CBAE99 = {
						CreatedOnToolsVersion = 8.3.3;
						DevelopmentTeam = 34QM9VEXY9;
						ProvisioningStyle = Automatic;
						TestTargetID = 8E0FED211F0FC89F00CBAE99;
					};
				};
			};
			buildConfigurationList = 8E0FED1D1F0FC89F00CBAE99 /* Build configuration list for PBXProject "RandomFacts" */;
			compatibilityVersion = "Xcode 3.2";
			developmentRegion = English;
			hasScannedForEncodings = 0;
			knownRegions = (
				en,
				Base,
			);
			mainGroup = 8E0FED191F0FC89F00CBAE99;
			productRefGroup = 8E0FED231F0FC89F00CBAE99 /* Products */;
			projectDirPath = "";
			projectRoot = "";
			targets = (
				8E0FED211F0FC89F00CBAE99 /* RandomFacts */,
				8E0FED351F0FC89F00CBAE99 /* RandomFactsTests */,
			);
		};
/* End PBXProject section */

/* Begin PBXResourcesBuildPhase section */
		8E0FED201F0FC89F00CBAE99 /* Resources */ = {
			isa = PBXResourcesBuildPhase;
			buildActionMask = 2147483647;
			files = (
				8E0FED301F0FC89F00CBAE99 /* LaunchScreen.storyboard in Resources */,
				8E0FED2D1F0FC89F00CBAE99 /* Assets.xcassets in Resources */,
				8E0FED2B1F0FC89F00CBAE99 /* Main.storyboard in Resources */,
			);
			runOnlyForDeploymentPostprocessing = 0;
		};
		8E0FED341F0FC89F00CBAE99 /* Resources */ = {
			isa = PBXResourcesBuildPhase;
			buildActionMask = 2147483647;
			files = (
			);
			runOnlyForDeploymentPostprocessing = 0;
		};
/* End PBXResourcesBuildPhase section */

/* Begin PBXSourcesBuildPhase section */
		8E0FED1E1F0FC89F00CBAE99 /* Sources */ = {
			isa = PBXSourcesBuildPhase;
			buildActionMask = 2147483647;
			files = (
				8E0FED281F0FC89F00CBAE99 /* ViewController.swift in Sources */,
				8E0FED261F0FC89F00CBAE99 /* AppDelegate.swift in Sources */,
			);
			runOnlyForDeploymentPostprocessing = 0;
		};
		8E0FED321F0FC89F00CBAE99 /* Sources */ = {
			isa = PBXSourcesBuildPhase;
			buildActionMask = 2147483647;
			files = (
				8E0FED3B1F0FC89F00CBAE99 /* RandomFactsTests.swift in Sources */,
			);
			runOnlyForDeploymentPostprocessing = 0;
		};
/* End PBXSourcesBuildPhase section */

/* Begin PBXTargetDependency section */
		8E0FED381F0FC89F00CBAE99 /* PBXTargetDependency */ = {
			isa = PBXTargetDependency;
			target = 8E0FED211F0FC89F00CBAE99 /* RandomFacts */;
			targetProxy = 8E0FED371F0FC89F00CBAE99 /* PBXContainerItemProxy */;
		};
/* End PBXTargetDependency section */

/* Begin PBXVariantGroup section */
		8E0FED291F0FC89F00CBAE99 /* Main.storyboard */ = {
			isa = PBXVariantGroup;
			children = (
				8E0FED2A1F0FC89F00CBAE99 /* Base */,
			);
			name = Main.storyboard;
			sourceTree = "<group>";
		};
		8E0FED2E1F0FC89F00CBAE99 /* LaunchScreen.storyboard */ = {
			isa = PBXVariantGroup;
			children = (
				8E0FED2F1F0FC89F00CBAE99 /* Base */,
			);
			name = LaunchScreen.storyboard;
			sourceTree = "<group>";
		};
/* End PBXVariantGroup section */

/* Begin XCBuildConfiguration section */
		8E0FED3D1F0FC89F00CBAE99 /* Debug */ = {
			isa = XCBuildConfiguration;
			buildSettings = {
				ALWAYS_SEARCH_USER_PATHS = NO;
				CLANG_ANALYZER_NONNULL = YES;
				CLANG_ANALYZER_NUMBER_OBJECT_CONVERSION = YES_AGGRESSIVE;
				CLANG_CXX_LANGUAGE_STANDARD = "gnu++0x";
				CLANG_CXX_LIBRARY = "libc++";
				CLANG_ENABLE_MODULES = YES;
				CLANG_ENABLE_OBJC_ARC = YES;
				CLANG_WARN_BOOL_CONVERSION = YES;
				CLANG_WARN_CONSTANT_CONVERSION = YES;
				CLANG_WARN_DIRECT_OBJC_ISA_USAGE = YES_ERROR;
				CLANG_WARN_DOCUMENTATION_COMMENTS = YES;
				CLANG_WARN_EMPTY_BODY = YES;
				CLANG_WARN_ENUM_CONVERSION = YES;
				CLANG_WARN_INFINITE_RECURSION = YES;
				CLANG_WARN_INT_CONVERSION = YES;
				CLANG_WARN_OBJC_ROOT_CLASS = YES_ERROR;
				CLANG_WARN_SUSPICIOUS_MOVE = YES;
				CLANG_WARN_UNREACHABLE_CODE = YES;
				CLANG_WARN__DUPLICATE_METHOD_MATCH = YES;
				"CODE_SIGN_IDENTITY[sdk=iphoneos*]" = "iPhone Developer";
				COPY_PHASE_STRIP = NO;
				DEBUG_INFORMATION_FORMAT = dwarf;
				ENABLE_STRICT_OBJC_MSGSEND = YES;
				ENABLE_TESTABILITY = YES;
				GCC_C_LANGUAGE_STANDARD = gnu99;
				GCC_DYNAMIC_NO_PIC = NO;
				GCC_NO_COMMON_BLOCKS = YES;
				GCC_OPTIMIZATION_LEVEL = 0;
				GCC_PREPROCESSOR_DEFINITIONS = (
					"DEBUG=1",
					"$(inherited)",
				);
				GCC_WARN_64_TO_32_BIT_CONVERSION = YES;
				GCC_WARN_ABOUT_RETURN_TYPE = YES_ERROR;
				GCC_WARN_UNDECLARED_SELECTOR = YES;
				GCC_WARN_UNINITIALIZED_AUTOS = YES_AGGRESSIVE;
				GCC_WARN_UNUSED_FUNCTION = YES;
				GCC_WARN_UNUSED_VARIABLE = YES;
				IPHONEOS_DEPLOYMENT_TARGET = 10.3;
				MTL_ENABLE_DEBUG_INFO = YES;
				ONLY_ACTIVE_ARCH = YES;
				SDKROOT = iphoneos;
				SWIFT_ACTIVE_COMPILATION_CONDITIONS = DEBUG;
				SWIFT_OPTIMIZATION_LEVEL = "-Onone";
				TARGETED_DEVICE_FAMILY = "1,2";
			};
			name = Debug;
		};
		8E0FED3E1F0FC89F00CBAE99 /* Release */ = {
			isa = XCBuildConfiguration;
			buildSettings = {
				ALWAYS_SEARCH_USER_PATHS = NO;
				CLANG_ANALYZER_NONNULL = YES;
				CLANG_ANALYZER_NUMBER_OBJECT_CONVERSION = YES_AGGRESSIVE;
				CLANG_CXX_LANGUAGE_STANDARD = "gnu++0x";
				CLANG_CXX_LIBRARY = "libc++";
				CLANG_ENABLE_MODULES = YES;
				CLANG_ENABLE_OBJC_ARC = YES;
				CLANG_WARN_BOOL_CONVERSION = YES;
				CLANG_WARN_CONSTANT_CONVERSION = YES;
				CLANG_WARN_DIRECT_OBJC_ISA_USAGE = YES_ERROR;
				CLANG_WARN_DOCUMENTATION_COMMENTS = YES;
				CLANG_WARN_EMPTY_BODY = YES;
				CLANG_WARN_ENUM_CONVERSION = YES;
				CLANG_WARN_INFINITE_RECURSION = YES;
				CLANG_WARN_INT_CONVERSION = YES;
				CLANG_WARN_OBJC_ROOT_CLASS = YES_ERROR;
				CLANG_WARN_SUSPICIOUS_MOVE = YES;
				CLANG_WARN_UNREACHABLE_CODE = YES;
				CLANG_WARN__DUPLICATE_METHOD_MATCH = YES;
				"CODE_SIGN_IDENTITY[sdk=iphoneos*]" = "iPhone Developer";
				COPY_PHASE_STRIP = NO;
				DEBUG_INFORMATION_FORMAT = "dwarf-with-dsym";
				ENABLE_NS_ASSERTIONS = NO;
				ENABLE_STRICT_OBJC_MSGSEND = YES;
				GCC_C_LANGUAGE_STANDARD = gnu99;
				GCC_NO_COMMON_BLOCKS = YES;
				GCC_WARN_64_TO_32_BIT_CONVERSION = YES;
				GCC_WARN_ABOUT_RETURN_TYPE = YES_ERROR;
				GCC_WARN_UNDECLARED_SELECTOR = YES;
				GCC_WARN_UNINITIALIZED_AUTOS = YES_AGGRESSIVE;
				GCC_WARN_UNUSED_FUNCTION = YES;
				GCC_WARN_UNUSED_VARIABLE = YES;
				IPHONEOS_DEPLOYMENT_TARGET = 10.3;
				MTL_ENABLE_DEBUG_INFO = NO;
				SDKROOT = iphoneos;
				SWIFT_OPTIMIZATION_LEVEL = "-Owholemodule";
				TARGETED_DEVICE_FAMILY = "1,2";
				VALIDATE_PRODUCT = YES;
			};
			name = Release;
		};
		8E0FED401F0FC89F00CBAE99 /* Debug */ = {
			isa = XCBuildConfiguration;
			buildSettings = {
				ASSETCATALOG_COMPILER_APPICON_NAME = AppIcon;
				"CODE_SIGN_IDENTITY[sdk=iphoneos*]" = "iPhone Developer";
				DEVELOPMENT_TEAM = "";
				INFOPLIST_FILE = RandomFacts/Info.plist;
				IPHONEOS_DEPLOYMENT_TARGET = 10.0;
				LD_RUNPATH_SEARCH_PATHS = "$(inherited) @executable_path/Frameworks";
				PRODUCT_BUNDLE_IDENTIFIER = com.paadyhr.RandomFacts;
				PRODUCT_NAME = "$(TARGET_NAME)";
				PROVISIONING_PROFILE_SPECIFIER = "";
				SWIFT_VERSION = 3.0;
			};
			name = Debug;
		};
		8E0FED411F0FC89F00CBAE99 /* Release */ = {
			isa = XCBuildConfiguration;
			buildSettings = {
				ASSETCATALOG_COMPILER_APPICON_NAME = AppIcon;
				"CODE_SIGN_IDENTITY[sdk=iphoneos*]" = "iPhone Developer";
				DEVELOPMENT_TEAM = "";
				INFOPLIST_FILE = RandomFacts/Info.plist;
				IPHONEOS_DEPLOYMENT_TARGET = 10.0;
				LD_RUNPATH_SEARCH_PATHS = "$(inherited) @executable_path/Frameworks";
				PRODUCT_BUNDLE_IDENTIFIER = com.paadyhr.RandomFacts;
				PRODUCT_NAME = "$(TARGET_NAME)";
				PROVISIONING_PROFILE_SPECIFIER = "";
				SWIFT_VERSION = 3.0;
			};
			name = Release;
		};
		8E0FED431F0FC89F00CBAE99 /* Debug */ = {
			isa = XCBuildConfiguration;
			buildSettings = {
				ALWAYS_EMBED_SWIFT_STANDARD_LIBRARIES = YES;
				BUNDLE_LOADER = "$(TEST_HOST)";
				DEVELOPMENT_TEAM = 34QM9VEXY9;
				INFOPLIST_FILE = RandomFactsTests/Info.plist;
				LD_RUNPATH_SEARCH_PATHS = "$(inherited) @executable_path/Frameworks @loader_path/Frameworks";
				PRODUCT_BUNDLE_IDENTIFIER = com.paadyhr.RandomFactsTests;
				PRODUCT_NAME = "$(TARGET_NAME)";
				SWIFT_VERSION = 3.0;
				TEST_HOST = "$(BUILT_PRODUCTS_DIR)/RandomFacts.app/RandomFacts";
			};
			name = Debug;
		};
		8E0FED441F0FC89F00CBAE99 /* Release */ = {
			isa = XCBuildConfiguration;
			buildSettings = {
				ALWAYS_EMBED_SWIFT_STANDARD_LIBRARIES = YES;
				BUNDLE_LOADER = "$(TEST_HOST)";
				DEVELOPMENT_TEAM = 34QM9VEXY9;
				INFOPLIST_FILE = RandomFactsTests/Info.plist;
				LD_RUNPATH_SEARCH_PATHS = "$(inherited) @executable_path/Frameworks @loader_path/Frameworks";
				PRODUCT_BUNDLE_IDENTIFIER = com.paadyhr.RandomFactsTests;
				PRODUCT_NAME = "$(TARGET_NAME)";
				SWIFT_VERSION = 3.0;
				TEST_HOST = "$(BUILT_PRODUCTS_DIR)/RandomFacts.app/RandomFacts";
			};
			name = Release;
		};
/* End XCBuildConfiguration section */

/* Begin XCConfigurationList section */
		8E0FED1D1F0FC89F00CBAE99 /* Build configuration list for PBXProject "RandomFacts" */ = {
			isa = XCConfigurationList;
			buildConfigurations = (
				8E0FED3D1F0FC89F00CBAE99 /* Debug */,
				8E0FED3E1F0FC89F00CBAE99 /* Release */,
			);
			defaultConfigurationIsVisible = 0;
			defaultConfigurationName = Release;
		};
		8E0FED3F1F0FC89F00CBAE99 /* Build configuration list for PBXNativeTarget "RandomFacts" */ = {
			isa = XCConfigurationList;
			buildConfigurations = (
				8E0FED401F0FC89F00CBAE99 /* Debug */,
				8E0FED411F0FC89F00CBAE99 /* Release */,
			);
			defaultConfigurationIsVisible = 0;
		};
		8E0FED421F0FC89F00CBAE99 /* Build configuration list for PBXNativeTarget "RandomFactsTests" */ = {
			isa = XCConfigurationList;
			buildConfigurations = (
				8E0FED431F0FC89F00CBAE99 /* Debug */,
				8E0FED441F0FC89F00CBAE99 /* Release */,
			);
			defaultConfigurationIsVisible = 0;
		};
/* End XCConfigurationList section */
	};
	rootObject = 8E0FED1A1F0FC89F00CBAE99 /* Project object */;
}
